
Microsoft Visual Studio Solution File, Format Version 12.00
# Visual Studio Version 16
VisualStudioVersion = 16.0.29123.88
MinimumVisualStudioVersion = 10.0.40219.1
Project("{FAE04EC0-301F-11D3-BF4B-00C04F79EFBC}") = "TimeSheetControl", "TimeSheetControl.csproj", "{C690034C-ADB7-4B91-8059-D8ACA7F82543}"
EndProject
Global
	GlobalSection(SolutionConfigurationPlatforms) = preSolution
		Debug|Any CPU = Debug|Any CPU
		Release|Any CPU = Release|Any CPU
	EndGlobalSection
	GlobalSection(ProjectConfigurationPlatforms) = postSolution
		{C690034C-ADB7-4B91-8059-D8ACA7F82543}.Debug|Any CPU.ActiveCfg = Debug|Any CPU
		{C690034C-ADB7-4B91-8059-D8ACA7F82543}.Debug|Any CPU.Build.0 = Debug|Any CPU
		{C690034C-ADB7-4B91-8059-D8ACA7F82543}.Release|Any CPU.ActiveCfg = Release|Any CPU
		{C690034C-ADB7-4B91-8059-D8ACA7F82543}.Release|Any CPU.Build.0 = Release|Any CPU
	EndGlobalSection
	GlobalSection(SolutionProperties) = preSolution
		HideSolutionNode = FALSE
	EndGlobalSection
	GlobalSection(ExtensibilityGlobals) = postSolution
		SolutionGuid = {0DFB0FB7-9947-47E0-B077-D899DD889DE4}
	EndGlobalSection
EndGlobal
